// !$*UTF8*$!
{
	archiveVersion = 1;
	classes = {
	};
	objectVersion = 50;
	objects = {

/* Begin PBXBuildFile section */
		50C95DD12426B18000F14718 /* Assets.xcassets in Resources */ = {isa = PBXBuildFile; fileRef = 50C95DD02426B18000F14718 /* Assets.xcassets */; };
		50C95DDF2426B19D00F14718 /* main.cpp in Sources */ = {isa = PBXBuildFile; fileRef = 50C95DDE2426B19D00F14718 /* main.cpp */; };
		50C95DE62426B1F800F14718 /* libglfw.3.dylib in Frameworks */ = {isa = PBXBuildFile; fileRef = 50C95DE52426B1F800F14718 /* libglfw.3.dylib */; };
		50C95DE72426B1F800F14718 /* libglfw.3.dylib in Embed Libraries */ = {isa = PBXBuildFile; fileRef = 50C95DE52426B1F800F14718 /* libglfw.3.dylib */; settings = {ATTRIBUTES = (CodeSignOnCopy, ); }; };
		50FC7F652426B50E00E62AF9 /* glad.c in Sources */ = {isa = PBXBuildFile; fileRef = 50FC7F642426B50E00E62AF9 /* glad.c */; };
		50FC7F672426BDA000E62AF9 /* shaders in Resources */ = {isa = PBXBuildFile; fileRef = 50FC7F662426BDA000E62AF9 /* shaders */; };
		50FC7F692426BFB900E62AF9 /* bridge.mm in Sources */ = {isa = PBXBuildFile; fileRef = 50FC7F682426BFB900E62AF9 /* bridge.mm */; };
		50FDBB402427A6BE00A3C1C0 /* loaders.cpp in Sources */ = {isa = PBXBuildFile; fileRef = 50FDBB3E2427A6BE00A3C1C0 /* loaders.cpp */; };
		50FDBB422427A92A00A3C1C0 /* textures in Resources */ = {isa = PBXBuildFile; fileRef = 50FDBB412427A92A00A3C1C0 /* textures */; };
/* End PBXBuildFile section */

/* Begin PBXCopyFilesBuildPhase section */
		50C95DE82426B1F800F14718 /* Embed Libraries */ = {
			isa = PBXCopyFilesBuildPhase;
			buildActionMask = 2147483647;
			dstPath = "";
			dstSubfolderSpec = 10;
			files = (
				50C95DE72426B1F800F14718 /* libglfw.3.dylib in Embed Libraries */,
			);
			name = "Embed Libraries";
			runOnlyForDeploymentPostprocessing = 0;
		};
/* End PBXCopyFilesBuildPhase section */

/* Begin PBXFileReference section */
		50C95DCA2426B17F00F14718 /* opengl physics.app */ = {isa = PBXFileReference; explicitFileType = wrapper.application; includeInIndex = 0; path = "opengl physics.app"; sourceTree = BUILT_PRODUCTS_DIR; };
		50C95DD02426B18000F14718 /* Assets.xcassets */ = {isa = PBXFileReference; lastKnownFileType = folder.assetcatalog; path = Assets.xcassets; sourceTree = "<group>"; };
		50C95DD52426B18000F14718 /* Info.plist */ = {isa = PBXFileReference; lastKnownFileType = text.plist.xml; path = Info.plist; sourceTree = "<group>"; };
		50C95DD82426B18000F14718 /* opengl_physics.entitlements */ = {isa = PBXFileReference; lastKnownFileType = text.plist.entitlements; path = opengl_physics.entitlements; sourceTree = "<group>"; };
		50C95DDE2426B19D00F14718 /* main.cpp */ = {isa = PBXFileReference; lastKnownFileType = sourcecode.cpp.cpp; path = main.cpp; sourceTree = "<group>"; };
		50C95DE02426B1C900F14718 /* include */ = {isa = PBXFileReference; lastKnownFileType = folder; path = include; sourceTree = "<group>"; };
		50C95DE12426B1C900F14718 /* libs */ = {isa = PBXFileReference; lastKnownFileType = folder; path = libs; sourceTree = "<group>"; };
		50C95DE52426B1F800F14718 /* libglfw.3.dylib */ = {isa = PBXFileReference; lastKnownFileType = "compiled.mach-o.dylib"; name = libglfw.3.dylib; path = "opengl physics/libs/libglfw.3.dylib"; sourceTree = "<group>"; };
		50FC7F642426B50E00E62AF9 /* glad.c */ = {isa = PBXFileReference; lastKnownFileType = sourcecode.c.c; name = glad.c; path = "opengl physics/libs/glad.c"; sourceTree = "<group>"; };
		50FC7F662426BDA000E62AF9 /* shaders */ = {isa = PBXFileReference; lastKnownFileType = folder; path = shaders; sourceTree = "<group>"; };
		50FC7F682426BFB900E62AF9 /* bridge.mm */ = {isa = PBXFileReference; lastKnownFileType = sourcecode.cpp.objcpp; path = bridge.mm; sourceTree = "<group>"; };
		50FC7F6A2426BFCE00E62AF9 /* bridge.hpp */ = {isa = PBXFileReference; lastKnownFileType = sourcecode.cpp.h; path = bridge.hpp; sourceTree = "<group>"; };
		50FDBB3E2427A6BE00A3C1C0 /* loaders.cpp */ = {isa = PBXFileReference; lastKnownFileType = sourcecode.cpp.cpp; path = loaders.cpp; sourceTree = "<group>"; };
		50FDBB3F2427A6BE00A3C1C0 /* loaders.hpp */ = {isa = PBXFileReference; lastKnownFileType = sourcecode.cpp.h; path = loaders.hpp; sourceTree = "<group>"; };
		50FDBB412427A92A00A3C1C0 /* textures */ = {isa = PBXFileReference; lastKnownFileType = folder; path = textures; sourceTree = "<group>"; };
/* End PBXFileReference section */

/* Begin PBXFrameworksBuildPhase section */
		50C95DC72426B17F00F14718 /* Frameworks */ = {
			isa = PBXFrameworksBuildPhase;
			buildActionMask = 2147483647;
			files = (
				50C95DE62426B1F800F14718 /* libglfw.3.dylib in Frameworks */,
			);
			runOnlyForDeploymentPostprocessing = 0;
		};
/* End PBXFrameworksBuildPhase section */

/* Begin PBXGroup section */
		50C95DC12426B17F00F14718 = {
			isa = PBXGroup;
			children = (
				50FC7F642426B50E00E62AF9 /* glad.c */,
				50C95DCC2426B17F00F14718 /* opengl physics */,
				50C95DCB2426B17F00F14718 /* Products */,
				50C95DE42426B1F800F14718 /* Frameworks */,
			);
			sourceTree = "<group>";
		};
		50C95DCB2426B17F00F14718 /* Products */ = {
			isa = PBXGroup;
			children = (
				50C95DCA2426B17F00F14718 /* opengl physics.app */,
			);
			name = Products;
			sourceTree = "<group>";
		};
		50C95DCC2426B17F00F14718 /* opengl physics */ = {
			isa = PBXGroup;
			children = (
				50C95DD02426B18000F14718 /* Assets.xcassets */,
				50C95DD52426B18000F14718 /* Info.plist */,
				50C95DD82426B18000F14718 /* opengl_physics.entitlements */,
				50FC7F682426BFB900E62AF9 /* bridge.mm */,
				50FC7F6A2426BFCE00E62AF9 /* bridge.hpp */,
				50C95DDE2426B19D00F14718 /* main.cpp */,
				50FDBB3E2427A6BE00A3C1C0 /* loaders.cpp */,
				50FDBB3F2427A6BE00A3C1C0 /* loaders.hpp */,
				50FDBB412427A92A00A3C1C0 /* textures */,
				50FC7F662426BDA000E62AF9 /* shaders */,
				50C95DE02426B1C900F14718 /* include */,
				50C95DE12426B1C900F14718 /* libs */,
			);
			path = "opengl physics";
			sourceTree = "<group>";
		};
		50C95DE42426B1F800F14718 /* Frameworks */ = {
			isa = PBXGroup;
			children = (
				50C95DE52426B1F800F14718 /* libglfw.3.dylib */,
			);
			name = Frameworks;
			sourceTree = "<group>";
		};
/* End PBXGroup section */

/* Begin PBXNativeTarget section */
		50C95DC92426B17F00F14718 /* opengl physics */ = {
			isa = PBXNativeTarget;
			buildConfigurationList = 50C95DDB2426B18000F14718 /* Build configuration list for PBXNativeTarget "opengl physics" */;
			buildPhases = (
				50C95DC62426B17F00F14718 /* Sources */,
				50C95DC72426B17F00F14718 /* Frameworks */,
				50C95DC82426B17F00F14718 /* Resources */,
				50C95DE82426B1F800F14718 /* Embed Libraries */,
			);
			buildRules = (
			);
			dependencies = (
			);
			name = "opengl physics";
			productName = "opengl physics";
			productReference = 50C95DCA2426B17F00F14718 /* opengl physics.app */;
			productType = "com.apple.product-type.application";
		};
/* End PBXNativeTarget section */

/* Begin PBXProject section */
		50C95DC22426B17F00F14718 /* Project object */ = {
			isa = PBXProject;
			attributes = {
				LastUpgradeCheck = 1130;
				ORGANIZATIONNAME = Max;
				TargetAttributes = {
					50C95DC92426B17F00F14718 = {
						CreatedOnToolsVersion = 11.3.1;
					};
				};
			};
			buildConfigurationList = 50C95DC52426B17F00F14718 /* Build configuration list for PBXProject "opengl physics" */;
			compatibilityVersion = "Xcode 9.3";
			developmentRegion = en;
			hasScannedForEncodings = 0;
			knownRegions = (
				en,
				Base,
			);
			mainGroup = 50C95DC12426B17F00F14718;
			productRefGroup = 50C95DCB2426B17F00F14718 /* Products */;
			projectDirPath = "";
			projectRoot = "";
			targets = (
				50C95DC92426B17F00F14718 /* opengl physics */,
			);
		};
/* End PBXProject section */

/* Begin PBXResourcesBuildPhase section */
		50C95DC82426B17F00F14718 /* Resources */ = {
			isa = PBXResourcesBuildPhase;
			buildActionMask = 2147483647;
			files = (
				50C95DD12426B18000F14718 /* Assets.xcassets in Resources */,
				50FC7F672426BDA000E62AF9 /* shaders in Resources */,
				50FDBB422427A92A00A3C1C0 /* textures in Resources */,
			);
			runOnlyForDeploymentPostprocessing = 0;
		};
/* End PBXResourcesBuildPhase section */

/* Begin PBXSourcesBuildPhase section */
		50C95DC62426B17F00F14718 /* Sources */ = {
			isa = PBXSourcesBuildPhase;
			buildActionMask = 2147483647;
			files = (
				50FC7F692426BFB900E62AF9 /* bridge.mm in Sources */,
				50FDBB402427A6BE00A3C1C0 /* loaders.cpp in Sources */,
				50C95DDF2426B19D00F14718 /* main.cpp in Sources */,
				50FC7F652426B50E00E62AF9 /* glad.c in Sources */,
			);
			runOnlyForDeploymentPostprocessing = 0;
		};
/* End PBXSourcesBuildPhase section */

/* Begin XCBuildConfiguration section */
		50C95DD92426B18000F14718 /* Debug */ = {
			isa = XCBuildConfiguration;
			buildSettings = {
				ALWAYS_SEARCH_USER_PATHS = NO;
				CLANG_ANALYZER_NONNULL = YES;
				CLANG_ANALYZER_NUMBER_OBJECT_CONVERSION = YES_AGGRESSIVE;
				CLANG_CXX_LANGUAGE_STANDARD = "gnu++14";
				CLANG_CXX_LIBRARY = "libc++";
				CLANG_ENABLE_MODULES = YES;
				CLANG_ENABLE_OBJC_ARC = YES;
				CLANG_ENABLE_OBJC_WEAK = YES;
				CLANG_WARN_BLOCK_CAPTURE_AUTORELEASING = YES;
				CLANG_WARN_BOOL_CONVERSION = YES;
				CLANG_WARN_COMMA = YES;
				CLANG_WARN_CONSTANT_CONVERSION = YES;
				CLANG_WARN_DEPRECATED_OBJC_IMPLEMENTATIONS = YES;
				CLANG_WARN_DIRECT_OBJC_ISA_USAGE = YES_ERROR;
				CLANG_WARN_DOCUMENTATION_COMMENTS = YES;
				CLANG_WARN_EMPTY_BODY = YES;
				CLANG_WARN_ENUM_CONVERSION = YES;
				CLANG_WARN_INFINITE_RECURSION = YES;
				CLANG_WARN_INT_CONVERSION = YES;
				CLANG_WARN_NON_LITERAL_NULL_CONVERSION = YES;
				CLANG_WARN_OBJC_IMPLICIT_RETAIN_SELF = YES;
				CLANG_WARN_OBJC_LITERAL_CONVERSION = YES;
				CLANG_WARN_OBJC_ROOT_CLASS = YES_ERROR;
				CLANG_WARN_RANGE_LOOP_ANALYSIS = YES;
				CLANG_WARN_STRICT_PROTOTYPES = YES;
				CLANG_WARN_SUSPICIOUS_MOVE = YES;
				CLANG_WARN_UNGUARDED_AVAILABILITY = YES_AGGRESSIVE;
				CLANG_WARN_UNREACHABLE_CODE = YES;
				CLANG_WARN__DUPLICATE_METHOD_MATCH = YES;
				COPY_PHASE_STRIP = NO;
				DEBUG_INFORMATION_FORMAT = dwarf;
				ENABLE_STRICT_OBJC_MSGSEND = YES;
				ENABLE_TESTABILITY = YES;
				GCC_C_LANGUAGE_STANDARD = gnu11;
				GCC_DYNAMIC_NO_PIC = NO;
				GCC_NO_COMMON_BLOCKS = YES;
				GCC_OPTIMIZATION_LEVEL = 0;
				GCC_PREPROCESSOR_DEFINITIONS = (
					"DEBUG=1",
					"$(inherited)",
				);
				GCC_WARN_64_TO_32_BIT_CONVERSION = YES;
				GCC_WARN_ABOUT_RETURN_TYPE = YES_ERROR;
				GCC_WARN_UNDECLARED_SELECTOR = YES;
				GCC_WARN_UNINITIALIZED_AUTOS = YES_AGGRESSIVE;
				GCC_WARN_UNUSED_FUNCTION = YES;
				GCC_WARN_UNUSED_VARIABLE = YES;
				MACOSX_DEPLOYMENT_TARGET = 10.14;
				MTL_ENABLE_DEBUG_INFO = INCLUDE_SOURCE;
				MTL_FAST_MATH = YES;
				ONLY_ACTIVE_ARCH = YES;
				SDKROOT = macosx;
			};
			name = Debug;
		};
		50C95DDA2426B18000F14718 /* Release */ = {
			isa = XCBuildConfiguration;
			buildSettings = {
				ALWAYS_SEARCH_USER_PATHS = NO;
				CLANG_ANALYZER_NONNULL = YES;
				CLANG_ANALYZER_NUMBER_OBJECT_CONVERSION = YES_AGGRESSIVE;
				CLANG_CXX_LANGUAGE_STANDARD = "gnu++14";
				CLANG_CXX_LIBRARY = "libc++";
				CLANG_ENABLE_MODULES = YES;
				CLANG_ENABLE_OBJC_ARC = YES;
				CLANG_ENABLE_OBJC_WEAK = YES;
				CLANG_WARN_BLOCK_CAPTURE_AUTORELEASING = YES;
				CLANG_WARN_BOOL_CONVERSION = YES;
				CLANG_WARN_COMMA = YES;
				CLANG_WARN_CONSTANT_CONVERSION = YES;
				CLANG_WARN_DEPRECATED_OBJC_IMPLEMENTATIONS = YES;
				CLANG_WARN_DIRECT_OBJC_ISA_USAGE = YES_ERROR;
				CLANG_WARN_DOCUMENTATION_COMMENTS = YES;
				CLANG_WARN_EMPTY_BODY = YES;
				CLANG_WARN_ENUM_CONVERSION = YES;
				CLANG_WARN_INFINITE_RECURSION = YES;
				CLANG_WARN_INT_CONVERSION = YES;
				CLANG_WARN_NON_LITERAL_NULL_CONVERSION = YES;
				CLANG_WARN_OBJC_IMPLICIT_RETAIN_SELF = YES;
				CLANG_WARN_OBJC_LITERAL_CONVERSION = YES;
				CLANG_WARN_OBJC_ROOT_CLASS = YES_ERROR;
				CLANG_WARN_RANGE_LOOP_ANALYSIS = YES;
				CLANG_WARN_STRICT_PROTOTYPES = YES;
				CLANG_WARN_SUSPICIOUS_MOVE = YES;
				CLANG_WARN_UNGUARDED_AVAILABILITY = YES_AGGRESSIVE;
				CLANG_WARN_UNREACHABLE_CODE = YES;
				CLANG_WARN__DUPLICATE_METHOD_MATCH = YES;
				COPY_PHASE_STRIP = NO;
				DEBUG_INFORMATION_FORMAT = "dwarf-with-dsym";
				ENABLE_NS_ASSERTIONS = NO;
				ENABLE_STRICT_OBJC_MSGSEND = YES;
				GCC_C_LANGUAGE_STANDARD = gnu11;
				GCC_NO_COMMON_BLOCKS = YES;
				GCC_WARN_64_TO_32_BIT_CONVERSION = YES;
				GCC_WARN_ABOUT_RETURN_TYPE = YES_ERROR;
				GCC_WARN_UNDECLARED_SELECTOR = YES;
				GCC_WARN_UNINITIALIZED_AUTOS = YES_AGGRESSIVE;
				GCC_WARN_UNUSED_FUNCTION = YES;
				GCC_WARN_UNUSED_VARIABLE = YES;
				MACOSX_DEPLOYMENT_TARGET = 10.14;
				MTL_ENABLE_DEBUG_INFO = NO;
				MTL_FAST_MATH = YES;
				SDKROOT = macosx;
			};
			name = Release;
		};
		50C95DDC2426B18000F14718 /* Debug */ = {
			isa = XCBuildConfiguration;
			buildSettings = {
				ASSETCATALOG_COMPILER_APPICON_NAME = AppIcon;
				CODE_SIGN_ENTITLEMENTS = "opengl physics/opengl_physics.entitlements";
				CODE_SIGN_STYLE = Automatic;
				COMBINE_HIDPI_IMAGES = YES;
				HEADER_SEARCH_PATHS = "\"$(SRCROOT)/opengl physics/include\"";
				INFOPLIST_FILE = "opengl physics/Info.plist";
				LD_RUNPATH_SEARCH_PATHS = (
					"$(inherited)",
					"@executable_path/../Frameworks",
				);
				LIBRARY_SEARCH_PATHS = (
					"$(inherited)",
					"$(PROJECT_DIR)/opengl\\ physics/libs",
				);
				PRODUCT_BUNDLE_IDENTIFIER = "nothingness.opengl-physics";
				PRODUCT_NAME = "$(TARGET_NAME)";
			};
			name = Debug;
		};
		50C95DDD2426B18000F14718 /* Release */ = {
			isa = XCBuildConfiguration;
			buildSettings = {
				ASSETCATALOG_COMPILER_APPICON_NAME = AppIcon;
				CODE_SIGN_ENTITLEMENTS = "opengl physics/opengl_physics.entitlements";
				CODE_SIGN_STYLE = Automatic;
				COMBINE_HIDPI_IMAGES = YES;
				HEADER_SEARCH_PATHS = "\"$(SRCROOT)/opengl physics/include\"";
				INFOPLIST_FILE = "opengl physics/Info.plist";
				LD_RUNPATH_SEARCH_PATHS = (
					"$(inherited)",
					"@executable_path/../Frameworks",
				);
				LIBRARY_SEARCH_PATHS = (
					"$(inherited)",
					"$(PROJECT_DIR)/opengl\\ physics/libs",
				);
				PRODUCT_BUNDLE_IDENTIFIER = "nothingness.opengl-physics";
				PRODUCT_NAME = "$(TARGET_NAME)";
			};
			name = Release;
		};
/* End XCBuildConfiguration section */

/* Begin XCConfigurationList section */
		50C95DC52426B17F00F14718 /* Build configuration list for PBXProject "opengl physics" */ = {
			isa = XCConfigurationList;
			buildConfigurations = (
				50C95DD92426B18000F14718 /* Debug */,
				50C95DDA2426B18000F14718 /* Release */,
			);
			defaultConfigurationIsVisible = 0;
			defaultConfigurationName = Release;
		};
		50C95DDB2426B18000F14718 /* Build configuration list for PBXNativeTarget "opengl physics" */ = {
			isa = XCConfigurationList;
			buildConfigurations = (
				50C95DDC2426B18000F14718 /* Debug */,
				50C95DDD2426B18000F14718 /* Release */,
			);
			defaultConfigurationIsVisible = 0;
			defaultConfigurationName = Release;
		};
/* End XCConfigurationList section */
	};
	rootObject = 50C95DC22426B17F00F14718 /* Project object */;
}
